// !$*UTF8*$!
{
	archiveVersion = 1;
	classes = {
	};
	objectVersion = 51;
	objects = {

/* Begin PBXBuildFile section */
		202E6128E8E7E5C2045799AC /* Pods_TASK_WeatherApp.framework in Frameworks */ = {isa = PBXBuildFile; fileRef = FD325B9A619230A1ED6C345D /* Pods_TASK_WeatherApp.framework */; };
		6042E67F25C4233900DDB7B9 /* NetworkService.swift in Sources */ = {isa = PBXBuildFile; fileRef = 6042E67E25C4233900DDB7B9 /* NetworkService.swift */; };
		6047ECC725B5D8BE00DDC559 /* ConditionsView.swift in Sources */ = {isa = PBXBuildFile; fileRef = 6047ECC625B5D8BE00DDC559 /* ConditionsView.swift */; };
		6047ECCC25B5E30A00DDC559 /* UIStackView+Extensions.swift in Sources */ = {isa = PBXBuildFile; fileRef = 6047ECCB25B5E30A00DDC559 /* UIStackView+Extensions.swift */; };
		6047F23A25B4465D00C2D5F6 /* CoreDataService.swift in Sources */ = {isa = PBXBuildFile; fileRef = 6047F23925B4465D00C2D5F6 /* CoreDataService.swift */; };
		6047F23D25B4477800C2D5F6 /* SavedCitiesOptions.swift in Sources */ = {isa = PBXBuildFile; fileRef = 6047F23C25B4477800C2D5F6 /* SavedCitiesOptions.swift */; };
		6047F24125B447CC00C2D5F6 /* WeatherInfo.swift in Sources */ = {isa = PBXBuildFile; fileRef = 6047F24025B447CC00C2D5F6 /* WeatherInfo.swift */; };
		6047F25125B4500A00C2D5F6 /* CityWeather+CoreDataClass.swift in Sources */ = {isa = PBXBuildFile; fileRef = 6047F25025B4500A00C2D5F6 /* CityWeather+CoreDataClass.swift */; };
		6047F25F25B477F400C2D5F6 /* WeatherRepositoryImpl.swift in Sources */ = {isa = PBXBuildFile; fileRef = 6047F25E25B477F400C2D5F6 /* WeatherRepositoryImpl.swift */; };
		6047F26325B4794F00C2D5F6 /* WeatherResponse.swift in Sources */ = {isa = PBXBuildFile; fileRef = 6047F26225B4794F00C2D5F6 /* WeatherResponse.swift */; };
		6047F26625B47A1600C2D5F6 /* Coordinations_CityWeatherResponse.swift in Sources */ = {isa = PBXBuildFile; fileRef = 6047F26525B47A1600C2D5F6 /* Coordinations_CityWeatherResponse.swift */; };
		6047F26925B47A4E00C2D5F6 /* Weather_CityWeatherResponse.swift in Sources */ = {isa = PBXBuildFile; fileRef = 6047F26825B47A4E00C2D5F6 /* Weather_CityWeatherResponse.swift */; };
		6047F26C25B47A8300C2D5F6 /* Main_CityWeatherResponse.swift in Sources */ = {isa = PBXBuildFile; fileRef = 6047F26B25B47A8300C2D5F6 /* Main_CityWeatherResponse.swift */; };
		6047F26F25B47AD400C2D5F6 /* Wind_CityWeatherResponse.swift in Sources */ = {isa = PBXBuildFile; fileRef = 6047F26E25B47AD400C2D5F6 /* Wind_CityWeatherResponse.swift */; };
		6047F27225B47ED900C2D5F6 /* UserDefaultsService.swift in Sources */ = {isa = PBXBuildFile; fileRef = 6047F27125B47ED900C2D5F6 /* UserDefaultsService.swift */; };
		6047F28025B5B11200C2D5F6 /* SettingsSceneCoordinator.swift in Sources */ = {isa = PBXBuildFile; fileRef = 6047F27F25B5B11200C2D5F6 /* SettingsSceneCoordinator.swift */; };
		6047F29225B5CE8300C2D5F6 /* ConditionTypes.swift in Sources */ = {isa = PBXBuildFile; fileRef = 6047F29125B5CE8300C2D5F6 /* ConditionTypes.swift */; };
		6060B43C25B02C7000860602 /* SettingsSceneViewController.swift in Sources */ = {isa = PBXBuildFile; fileRef = 6060B43B25B02C7000860602 /* SettingsSceneViewController.swift */; };
		6060B44025B02E0800860602 /* SavedLocationsCollectionViewCell.swift in Sources */ = {isa = PBXBuildFile; fileRef = 6060B43F25B02E0800860602 /* SavedLocationsCollectionViewCell.swift */; };
		6060B44525B033B700860602 /* UnitsCheckBox.swift in Sources */ = {isa = PBXBuildFile; fileRef = 6060B44425B033B700860602 /* UnitsCheckBox.swift */; };
		6060B45025B037BC00860602 /* UnitsCheckBoxTableViewCell.swift in Sources */ = {isa = PBXBuildFile; fileRef = 6060B44F25B037BC00860602 /* UnitsCheckBoxTableViewCell.swift */; };
		6060B45725B043ED00860602 /* UnitsRadioButton.swift in Sources */ = {isa = PBXBuildFile; fileRef = 6060B45625B043ED00860602 /* UnitsRadioButton.swift */; };
		6060B46D25B05ABA00860602 /* ConditionsRadioButton.swift in Sources */ = {isa = PBXBuildFile; fileRef = 6060B46C25B05ABA00860602 /* ConditionsRadioButton.swift */; };
		6060B47025B05B2B00860602 /* ConditionsRadioButtonType.swift in Sources */ = {isa = PBXBuildFile; fileRef = 6060B46F25B05B2B00860602 /* ConditionsRadioButtonType.swift */; };
		6060B47325B05BB200860602 /* ConditionsCheckBox.swift in Sources */ = {isa = PBXBuildFile; fileRef = 6060B47225B05BB200860602 /* ConditionsCheckBox.swift */; };
		6060B47925B05CA900860602 /* UICollectionView+Extensions.swift in Sources */ = {isa = PBXBuildFile; fileRef = 6060B47825B05CA900860602 /* UICollectionView+Extensions.swift */; };
		6060B48525B09BD900860602 /* CheckBox.swift in Sources */ = {isa = PBXBuildFile; fileRef = 6060B48425B09BD900860602 /* CheckBox.swift */; };
		6060B48925B0A24000860602 /* ConditionsRadioButtonDelegate.swift in Sources */ = {isa = PBXBuildFile; fileRef = 6060B48825B0A24000860602 /* ConditionsRadioButtonDelegate.swift */; };
		60796F5925B1890E00988BC1 /* SearchSceneViewController.swift in Sources */ = {isa = PBXBuildFile; fileRef = 60796F5825B1890E00988BC1 /* SearchSceneViewController.swift */; };
		60796F5E25B18E2500988BC1 /* SearchResultTableViewCell.swift in Sources */ = {isa = PBXBuildFile; fileRef = 60796F5D25B18E2500988BC1 /* SearchResultTableViewCell.swift */; };
		60796F6A25B1E4E900988BC1 /* AppCoordinator.swift in Sources */ = {isa = PBXBuildFile; fileRef = 60796F6925B1E4E900988BC1 /* AppCoordinator.swift */; };
		60B642EF25B2D97700DE43EC /* SettingsSceneViewModel.swift in Sources */ = {isa = PBXBuildFile; fileRef = 60B642EE25B2D97700DE43EC /* SettingsSceneViewModel.swift */; };
		60B642F425B2DD5C00DE43EC /* HomeSceneViewModel.swift in Sources */ = {isa = PBXBuildFile; fileRef = 60B642F325B2DD5C00DE43EC /* HomeSceneViewModel.swift */; };
		60B642FA25B2DDC100DE43EC /* HomeSceneCoordinator.swift in Sources */ = {isa = PBXBuildFile; fileRef = 60B642F925B2DDC100DE43EC /* HomeSceneCoordinator.swift */; };
		60B6430025B2E7DA00DE43EC /* SearchSceneCoordinator.swift in Sources */ = {isa = PBXBuildFile; fileRef = 60B642FF25B2E7DA00DE43EC /* SearchSceneCoordinator.swift */; };
		60B6430425B2E86000DE43EC /* SearchSceneViewModel.swift in Sources */ = {isa = PBXBuildFile; fileRef = 60B6430325B2E86000DE43EC /* SearchSceneViewModel.swift */; };
		60B6431125B3037100DE43EC /* MeasurementUnits.swift in Sources */ = {isa = PBXBuildFile; fileRef = 60B6431025B3037100DE43EC /* MeasurementUnits.swift */; };
		60B6431725B3128D00DE43EC /* Constants.swift in Sources */ = {isa = PBXBuildFile; fileRef = 60B6431625B3128D00DE43EC /* Constants.swift */; };
		60B6432225B31F3600DE43EC /* SearchRepositoryImpl.swift in Sources */ = {isa = PBXBuildFile; fileRef = 60B6432125B31F3600DE43EC /* SearchRepositoryImpl.swift */; };
		60B6432525B32DE100DE43EC /* GeoNameResponse.swift in Sources */ = {isa = PBXBuildFile; fileRef = 60B6432425B32DE100DE43EC /* GeoNameResponse.swift */; };
		60B6432825B32E1400DE43EC /* GeoNameItem.swift in Sources */ = {isa = PBXBuildFile; fileRef = 60B6432725B32E1400DE43EC /* GeoNameItem.swift */; };
		60BE221E25C47E630023C97E /* SceneOption.swift in Sources */ = {isa = PBXBuildFile; fileRef = 60BE221D25C47E630023C97E /* SceneOption.swift */; };
		60BE223125C493410023C97E /* Repository.swift in Sources */ = {isa = PBXBuildFile; fileRef = 60BE223025C493410023C97E /* Repository.swift */; };
		60BE223425C4938A0023C97E /* RepositoryError.swift in Sources */ = {isa = PBXBuildFile; fileRef = 60BE223325C4938A0023C97E /* RepositoryError.swift */; };
		60D87ED825AF60360033CB7A /* AppDelegate.swift in Sources */ = {isa = PBXBuildFile; fileRef = 60D87ED725AF60360033CB7A /* AppDelegate.swift */; };
		60D87EE225AF60360033CB7A /* TASK_WeatherApp.xcdatamodeld in Sources */ = {isa = PBXBuildFile; fileRef = 60D87EE025AF60360033CB7A /* TASK_WeatherApp.xcdatamodeld */; };
		60D87EE425AF60370033CB7A /* Assets.xcassets in Resources */ = {isa = PBXBuildFile; fileRef = 60D87EE325AF60370033CB7A /* Assets.xcassets */; };
		60D87EFA25AF62990033CB7A /* UIView+Extensions.swift in Sources */ = {isa = PBXBuildFile; fileRef = 60D87EF925AF62990033CB7A /* UIView+Extensions.swift */; };
		60D87EFD25AF62C10033CB7A /* UITableView+Extensions.swift in Sources */ = {isa = PBXBuildFile; fileRef = 60D87EFC25AF62C10033CB7A /* UITableView+Extensions.swift */; };
		60D87F0025AF62EF0033CB7A /* UITableViewCell+Extensions.swift in Sources */ = {isa = PBXBuildFile; fileRef = 60D87EFF25AF62EF0033CB7A /* UITableViewCell+Extensions.swift */; };
		60D87F0325AF63400033CB7A /* UIViewController+Extensions.swift in Sources */ = {isa = PBXBuildFile; fileRef = 60D87F0225AF63400033CB7A /* UIViewController+Extensions.swift */; };
		60D87F0625AF638B0033CB7A /* UIImageView+Extensions.swift in Sources */ = {isa = PBXBuildFile; fileRef = 60D87F0525AF638B0033CB7A /* UIImageView+Extensions.swift */; };
		60D87F0A25AF63DF0033CB7A /* SpinnerView.swift in Sources */ = {isa = PBXBuildFile; fileRef = 60D87F0925AF63DF0033CB7A /* SpinnerView.swift */; };
		60D87F0E25AF63F60033CB7A /* SpinnerViewManager.swift in Sources */ = {isa = PBXBuildFile; fileRef = 60D87F0D25AF63F60033CB7A /* SpinnerViewManager.swift */; };
		60D87F1325AF654E0033CB7A /* ReusableView.swift in Sources */ = {isa = PBXBuildFile; fileRef = 60D87F1225AF654E0033CB7A /* ReusableView.swift */; };
		60D87F1725AF656B0033CB7A /* Coordinator.swift in Sources */ = {isa = PBXBuildFile; fileRef = 60D87F1625AF656B0033CB7A /* Coordinator.swift */; };
		60D87F1E25AF65E00033CB7A /* NetworkError.swift in Sources */ = {isa = PBXBuildFile; fileRef = 60D87F1D25AF65E00033CB7A /* NetworkError.swift */; };
		60D87F2825AF69420033CB7A /* HomeSceneViewController.swift in Sources */ = {isa = PBXBuildFile; fileRef = 60D87F2725AF69420033CB7A /* HomeSceneViewController.swift */; };
		60D87F3C25AF757C0033CB7A /* UICollectionViewCell+Extensions.swift in Sources */ = {isa = PBXBuildFile; fileRef = 60D87F3B25AF757C0033CB7A /* UICollectionViewCell+Extensions.swift */; };
/* End PBXBuildFile section */

/* Begin PBXFileReference section */
		04D5A738B9554AE2294F8536 /* Pods-TASK-WeatherApp.release.xcconfig */ = {isa = PBXFileReference; includeInIndex = 1; lastKnownFileType = text.xcconfig; name = "Pods-TASK-WeatherApp.release.xcconfig"; path = "Target Support Files/Pods-TASK-WeatherApp/Pods-TASK-WeatherApp.release.xcconfig"; sourceTree = "<group>"; };
		1645C7E1D4D936249B847CFF /* Pods-TASK-WeatherApp.debug.xcconfig */ = {isa = PBXFileReference; includeInIndex = 1; lastKnownFileType = text.xcconfig; name = "Pods-TASK-WeatherApp.debug.xcconfig"; path = "Target Support Files/Pods-TASK-WeatherApp/Pods-TASK-WeatherApp.debug.xcconfig"; sourceTree = "<group>"; };
		6042E67E25C4233900DDB7B9 /* NetworkService.swift */ = {isa = PBXFileReference; lastKnownFileType = sourcecode.swift; path = NetworkService.swift; sourceTree = "<group>"; };
		6047ECC625B5D8BE00DDC559 /* ConditionsView.swift */ = {isa = PBXFileReference; lastKnownFileType = sourcecode.swift; path = ConditionsView.swift; sourceTree = "<group>"; };
		6047ECCB25B5E30A00DDC559 /* UIStackView+Extensions.swift */ = {isa = PBXFileReference; lastKnownFileType = sourcecode.swift; path = "UIStackView+Extensions.swift"; sourceTree = "<group>"; };
		6047F23925B4465D00C2D5F6 /* CoreDataService.swift */ = {isa = PBXFileReference; lastKnownFileType = sourcecode.swift; path = CoreDataService.swift; sourceTree = "<group>"; };
		6047F23C25B4477800C2D5F6 /* SavedCitiesOptions.swift */ = {isa = PBXFileReference; lastKnownFileType = sourcecode.swift; path = SavedCitiesOptions.swift; sourceTree = "<group>"; };
		6047F24025B447CC00C2D5F6 /* WeatherInfo.swift */ = {isa = PBXFileReference; lastKnownFileType = sourcecode.swift; path = WeatherInfo.swift; sourceTree = "<group>"; };
		6047F25025B4500A00C2D5F6 /* CityWeather+CoreDataClass.swift */ = {isa = PBXFileReference; lastKnownFileType = sourcecode.swift; name = "CityWeather+CoreDataClass.swift"; path = "/Users/tomislavgelesic/Desktop/TASK-WeatherApp/TASK-WeatherApp/Common/CoreData/CityWeather+CoreDataClass.swift"; sourceTree = "<absolute>"; };
		6047F25E25B477F400C2D5F6 /* WeatherRepositoryImpl.swift */ = {isa = PBXFileReference; lastKnownFileType = sourcecode.swift; path = WeatherRepositoryImpl.swift; sourceTree = "<group>"; };
		6047F26225B4794F00C2D5F6 /* WeatherResponse.swift */ = {isa = PBXFileReference; lastKnownFileType = sourcecode.swift; path = WeatherResponse.swift; sourceTree = "<group>"; };
		6047F26525B47A1600C2D5F6 /* Coordinations_CityWeatherResponse.swift */ = {isa = PBXFileReference; lastKnownFileType = sourcecode.swift; path = Coordinations_CityWeatherResponse.swift; sourceTree = "<group>"; };
		6047F26825B47A4E00C2D5F6 /* Weather_CityWeatherResponse.swift */ = {isa = PBXFileReference; lastKnownFileType = sourcecode.swift; path = Weather_CityWeatherResponse.swift; sourceTree = "<group>"; };
		6047F26B25B47A8300C2D5F6 /* Main_CityWeatherResponse.swift */ = {isa = PBXFileReference; lastKnownFileType = sourcecode.swift; path = Main_CityWeatherResponse.swift; sourceTree = "<group>"; };
		6047F26E25B47AD400C2D5F6 /* Wind_CityWeatherResponse.swift */ = {isa = PBXFileReference; lastKnownFileType = sourcecode.swift; path = Wind_CityWeatherResponse.swift; sourceTree = "<group>"; };
		6047F27125B47ED900C2D5F6 /* UserDefaultsService.swift */ = {isa = PBXFileReference; lastKnownFileType = sourcecode.swift; path = UserDefaultsService.swift; sourceTree = "<group>"; };
		6047F27F25B5B11200C2D5F6 /* SettingsSceneCoordinator.swift */ = {isa = PBXFileReference; lastKnownFileType = sourcecode.swift; path = SettingsSceneCoordinator.swift; sourceTree = "<group>"; };
		6047F29125B5CE8300C2D5F6 /* ConditionTypes.swift */ = {isa = PBXFileReference; lastKnownFileType = sourcecode.swift; path = ConditionTypes.swift; sourceTree = "<group>"; };
		6060B43B25B02C7000860602 /* SettingsSceneViewController.swift */ = {isa = PBXFileReference; lastKnownFileType = sourcecode.swift; path = SettingsSceneViewController.swift; sourceTree = "<group>"; };
		6060B43F25B02E0800860602 /* SavedLocationsCollectionViewCell.swift */ = {isa = PBXFileReference; lastKnownFileType = sourcecode.swift; path = SavedLocationsCollectionViewCell.swift; sourceTree = "<group>"; };
		6060B44425B033B700860602 /* UnitsCheckBox.swift */ = {isa = PBXFileReference; lastKnownFileType = sourcecode.swift; path = UnitsCheckBox.swift; sourceTree = "<group>"; };
		6060B44F25B037BC00860602 /* UnitsCheckBoxTableViewCell.swift */ = {isa = PBXFileReference; lastKnownFileType = sourcecode.swift; path = UnitsCheckBoxTableViewCell.swift; sourceTree = "<group>"; };
		6060B45625B043ED00860602 /* UnitsRadioButton.swift */ = {isa = PBXFileReference; lastKnownFileType = sourcecode.swift; path = UnitsRadioButton.swift; sourceTree = "<group>"; };
		6060B46C25B05ABA00860602 /* ConditionsRadioButton.swift */ = {isa = PBXFileReference; lastKnownFileType = sourcecode.swift; path = ConditionsRadioButton.swift; sourceTree = "<group>"; };
		6060B46F25B05B2B00860602 /* ConditionsRadioButtonType.swift */ = {isa = PBXFileReference; lastKnownFileType = sourcecode.swift; path = ConditionsRadioButtonType.swift; sourceTree = "<group>"; };
		6060B47225B05BB200860602 /* ConditionsCheckBox.swift */ = {isa = PBXFileReference; lastKnownFileType = sourcecode.swift; path = ConditionsCheckBox.swift; sourceTree = "<group>"; };
		6060B47825B05CA900860602 /* UICollectionView+Extensions.swift */ = {isa = PBXFileReference; lastKnownFileType = sourcecode.swift; path = "UICollectionView+Extensions.swift"; sourceTree = "<group>"; };
		6060B48425B09BD900860602 /* CheckBox.swift */ = {isa = PBXFileReference; lastKnownFileType = sourcecode.swift; path = CheckBox.swift; sourceTree = "<group>"; };
		6060B48825B0A24000860602 /* ConditionsRadioButtonDelegate.swift */ = {isa = PBXFileReference; lastKnownFileType = sourcecode.swift; path = ConditionsRadioButtonDelegate.swift; sourceTree = "<group>"; };
		60796F5825B1890E00988BC1 /* SearchSceneViewController.swift */ = {isa = PBXFileReference; lastKnownFileType = sourcecode.swift; path = SearchSceneViewController.swift; sourceTree = "<group>"; };
		60796F5D25B18E2500988BC1 /* SearchResultTableViewCell.swift */ = {isa = PBXFileReference; lastKnownFileType = sourcecode.swift; path = SearchResultTableViewCell.swift; sourceTree = "<group>"; };
		60796F6925B1E4E900988BC1 /* AppCoordinator.swift */ = {isa = PBXFileReference; lastKnownFileType = sourcecode.swift; path = AppCoordinator.swift; sourceTree = "<group>"; };
		60B642EE25B2D97700DE43EC /* SettingsSceneViewModel.swift */ = {isa = PBXFileReference; lastKnownFileType = sourcecode.swift; path = SettingsSceneViewModel.swift; sourceTree = "<group>"; };
		60B642F325B2DD5C00DE43EC /* HomeSceneViewModel.swift */ = {isa = PBXFileReference; lastKnownFileType = sourcecode.swift; path = HomeSceneViewModel.swift; sourceTree = "<group>"; };
		60B642F925B2DDC100DE43EC /* HomeSceneCoordinator.swift */ = {isa = PBXFileReference; lastKnownFileType = sourcecode.swift; path = HomeSceneCoordinator.swift; sourceTree = "<group>"; };
		60B642FF25B2E7DA00DE43EC /* SearchSceneCoordinator.swift */ = {isa = PBXFileReference; lastKnownFileType = sourcecode.swift; path = SearchSceneCoordinator.swift; sourceTree = "<group>"; };
		60B6430325B2E86000DE43EC /* SearchSceneViewModel.swift */ = {isa = PBXFileReference; lastKnownFileType = sourcecode.swift; path = SearchSceneViewModel.swift; sourceTree = "<group>"; };
		60B6431025B3037100DE43EC /* MeasurementUnits.swift */ = {isa = PBXFileReference; lastKnownFileType = sourcecode.swift; path = MeasurementUnits.swift; sourceTree = "<group>"; };
		60B6431625B3128D00DE43EC /* Constants.swift */ = {isa = PBXFileReference; lastKnownFileType = sourcecode.swift; name = Constants.swift; path = "TASK-WeatherApp/Common/Constants.swift"; sourceTree = SOURCE_ROOT; };
		60B6432125B31F3600DE43EC /* SearchRepositoryImpl.swift */ = {isa = PBXFileReference; lastKnownFileType = sourcecode.swift; path = SearchRepositoryImpl.swift; sourceTree = "<group>"; };
		60B6432425B32DE100DE43EC /* GeoNameResponse.swift */ = {isa = PBXFileReference; lastKnownFileType = sourcecode.swift; path = GeoNameResponse.swift; sourceTree = "<group>"; };
		60B6432725B32E1400DE43EC /* GeoNameItem.swift */ = {isa = PBXFileReference; lastKnownFileType = sourcecode.swift; path = GeoNameItem.swift; sourceTree = "<group>"; };
		60BE221D25C47E630023C97E /* SceneOption.swift */ = {isa = PBXFileReference; lastKnownFileType = sourcecode.swift; path = SceneOption.swift; sourceTree = "<group>"; };
		60BE223025C493410023C97E /* Repository.swift */ = {isa = PBXFileReference; lastKnownFileType = sourcecode.swift; path = Repository.swift; sourceTree = "<group>"; };
		60BE223325C4938A0023C97E /* RepositoryError.swift */ = {isa = PBXFileReference; lastKnownFileType = sourcecode.swift; path = RepositoryError.swift; sourceTree = "<group>"; };
		60D87ED425AF60360033CB7A /* TASK-WeatherApp.app */ = {isa = PBXFileReference; explicitFileType = wrapper.application; includeInIndex = 0; path = "TASK-WeatherApp.app"; sourceTree = BUILT_PRODUCTS_DIR; };
		60D87ED725AF60360033CB7A /* AppDelegate.swift */ = {isa = PBXFileReference; lastKnownFileType = sourcecode.swift; path = AppDelegate.swift; sourceTree = "<group>"; };
		60D87EE125AF60360033CB7A /* TASK_WeatherApp.xcdatamodel */ = {isa = PBXFileReference; lastKnownFileType = wrapper.xcdatamodel; path = TASK_WeatherApp.xcdatamodel; sourceTree = "<group>"; };
		60D87EE325AF60370033CB7A /* Assets.xcassets */ = {isa = PBXFileReference; lastKnownFileType = folder.assetcatalog; path = Assets.xcassets; sourceTree = "<group>"; };
		60D87EE825AF60370033CB7A /* Info.plist */ = {isa = PBXFileReference; lastKnownFileType = text.plist.xml; name = Info.plist; path = "TASK-WeatherApp/Support/Info.plist"; sourceTree = SOURCE_ROOT; };
		60D87EF925AF62990033CB7A /* UIView+Extensions.swift */ = {isa = PBXFileReference; lastKnownFileType = sourcecode.swift; path = "UIView+Extensions.swift"; sourceTree = "<group>"; };
		60D87EFC25AF62C10033CB7A /* UITableView+Extensions.swift */ = {isa = PBXFileReference; lastKnownFileType = sourcecode.swift; path = "UITableView+Extensions.swift"; sourceTree = "<group>"; };
		60D87EFF25AF62EF0033CB7A /* UITableViewCell+Extensions.swift */ = {isa = PBXFileReference; lastKnownFileType = sourcecode.swift; path = "UITableViewCell+Extensions.swift"; sourceTree = "<group>"; };
		60D87F0225AF63400033CB7A /* UIViewController+Extensions.swift */ = {isa = PBXFileReference; lastKnownFileType = sourcecode.swift; path = "UIViewController+Extensions.swift"; sourceTree = "<group>"; };
		60D87F0525AF638B0033CB7A /* UIImageView+Extensions.swift */ = {isa = PBXFileReference; lastKnownFileType = sourcecode.swift; path = "UIImageView+Extensions.swift"; sourceTree = "<group>"; };
		60D87F0925AF63DF0033CB7A /* SpinnerView.swift */ = {isa = PBXFileReference; lastKnownFileType = sourcecode.swift; path = SpinnerView.swift; sourceTree = "<group>"; };
		60D87F0D25AF63F60033CB7A /* SpinnerViewManager.swift */ = {isa = PBXFileReference; lastKnownFileType = sourcecode.swift; path = SpinnerViewManager.swift; sourceTree = "<group>"; };
		60D87F1225AF654E0033CB7A /* ReusableView.swift */ = {isa = PBXFileReference; lastKnownFileType = sourcecode.swift; path = ReusableView.swift; sourceTree = "<group>"; };
		60D87F1625AF656B0033CB7A /* Coordinator.swift */ = {isa = PBXFileReference; lastKnownFileType = sourcecode.swift; path = Coordinator.swift; sourceTree = "<group>"; };
		60D87F1D25AF65E00033CB7A /* NetworkError.swift */ = {isa = PBXFileReference; lastKnownFileType = sourcecode.swift; path = NetworkError.swift; sourceTree = "<group>"; };
		60D87F2725AF69420033CB7A /* HomeSceneViewController.swift */ = {isa = PBXFileReference; lastKnownFileType = sourcecode.swift; path = HomeSceneViewController.swift; sourceTree = "<group>"; };
		60D87F3B25AF757C0033CB7A /* UICollectionViewCell+Extensions.swift */ = {isa = PBXFileReference; lastKnownFileType = sourcecode.swift; path = "UICollectionViewCell+Extensions.swift"; sourceTree = "<group>"; };
		FD325B9A619230A1ED6C345D /* Pods_TASK_WeatherApp.framework */ = {isa = PBXFileReference; explicitFileType = wrapper.framework; includeInIndex = 0; path = Pods_TASK_WeatherApp.framework; sourceTree = BUILT_PRODUCTS_DIR; };
/* End PBXFileReference section */

/* Begin PBXFrameworksBuildPhase section */
		60D87ED125AF60360033CB7A /* Frameworks */ = {
			isa = PBXFrameworksBuildPhase;
			buildActionMask = 2147483647;
			files = (
				202E6128E8E7E5C2045799AC /* Pods_TASK_WeatherApp.framework in Frameworks */,
			);
			runOnlyForDeploymentPostprocessing = 0;
		};
/* End PBXFrameworksBuildPhase section */

/* Begin PBXGroup section */
		6047F23825B4464B00C2D5F6 /* CoreData */ = {
			isa = PBXGroup;
			children = (
				60D87EE025AF60360033CB7A /* TASK_WeatherApp.xcdatamodeld */,
				6047F25025B4500A00C2D5F6 /* CityWeather+CoreDataClass.swift */,
				6047F23925B4465D00C2D5F6 /* CoreDataService.swift */,
			);
			path = CoreData;
			sourceTree = "<group>";
		};
		6047F23F25B447B400C2D5F6 /* ModelHomeScene */ = {
			isa = PBXGroup;
			children = (
				6047F29125B5CE8300C2D5F6 /* ConditionTypes.swift */,
			);
			path = ModelHomeScene;
			sourceTree = "<group>";
		};
		6047F27E25B5B0EE00C2D5F6 /* CoordinatorSettingsScene */ = {
			isa = PBXGroup;
			children = (
				6047F27F25B5B11200C2D5F6 /* SettingsSceneCoordinator.swift */,
			);
			path = CoordinatorSettingsScene;
			sourceTree = "<group>";
		};
		6047F28525B5C37B00C2D5F6 /* UserDefaults */ = {
			isa = PBXGroup;
			children = (
				6047F27125B47ED900C2D5F6 /* UserDefaultsService.swift */,
			);
			path = UserDefaults;
			sourceTree = "<group>";
		};
		6060B43E25B02C7700860602 /* Views */ = {
			isa = PBXGroup;
			children = (
				6060B44425B033B700860602 /* UnitsCheckBox.swift */,
				6060B44F25B037BC00860602 /* UnitsCheckBoxTableViewCell.swift */,
				6060B43F25B02E0800860602 /* SavedLocationsCollectionViewCell.swift */,
				6060B47225B05BB200860602 /* ConditionsCheckBox.swift */,
				6060B48425B09BD900860602 /* CheckBox.swift */,
			);
			path = Views;
			sourceTree = "<group>";
		};
		6060B44325B0339200860602 /* CustomViewsCommon */ = {
			isa = PBXGroup;
			children = (
				6047ECC625B5D8BE00DDC559 /* ConditionsView.swift */,
			);
			path = CustomViewsCommon;
			sourceTree = "<group>";
		};
		6060B46925B05A0700860602 /* ViewSettingsScene */ = {
			isa = PBXGroup;
			children = (
				6060B43B25B02C7000860602 /* SettingsSceneViewController.swift */,
				6060B43E25B02C7700860602 /* Views */,
			);
			path = ViewSettingsScene;
			sourceTree = "<group>";
		};
		6060B46B25B05A2700860602 /* ModelSettingsScene */ = {
			isa = PBXGroup;
			children = (
				6060B45625B043ED00860602 /* UnitsRadioButton.swift */,
				6060B46C25B05ABA00860602 /* ConditionsRadioButton.swift */,
				6060B46F25B05B2B00860602 /* ConditionsRadioButtonType.swift */,
			);
			path = ModelSettingsScene;
			sourceTree = "<group>";
		};
		60796F5625B188DD00988BC1 /* ViewSearchScene */ = {
			isa = PBXGroup;
			children = (
				60796F5825B1890E00988BC1 /* SearchSceneViewController.swift */,
				60796F5725B188F000988BC1 /* Views */,
			);
			path = ViewSearchScene;
			sourceTree = "<group>";
		};
		60796F5725B188F000988BC1 /* Views */ = {
			isa = PBXGroup;
			children = (
				60796F5D25B18E2500988BC1 /* SearchResultTableViewCell.swift */,
			);
			path = Views;
			sourceTree = "<group>";
		};
		60B642ED25B2D95300DE43EC /* ViewModelSettingsScene */ = {
			isa = PBXGroup;
			children = (
				60B642EE25B2D97700DE43EC /* SettingsSceneViewModel.swift */,
			);
			path = ViewModelSettingsScene;
			sourceTree = "<group>";
		};
		60B642F725B2DD8800DE43EC /* ViewModelHomeScrene */ = {
			isa = PBXGroup;
			children = (
				60B642F325B2DD5C00DE43EC /* HomeSceneViewModel.swift */,
			);
			path = ViewModelHomeScrene;
			sourceTree = "<group>";
		};
		60B642F825B2DD9E00DE43EC /* CoordinatorHomeScene */ = {
			isa = PBXGroup;
			children = (
				60B642F925B2DDC100DE43EC /* HomeSceneCoordinator.swift */,
			);
			path = CoordinatorHomeScene;
			sourceTree = "<group>";
		};
		60B642FE25B2E7C800DE43EC /* CoordinatorSearchScene */ = {
			isa = PBXGroup;
			children = (
				60B642FF25B2E7DA00DE43EC /* SearchSceneCoordinator.swift */,
			);
			path = CoordinatorSearchScene;
			sourceTree = "<group>";
		};
		60B6430225B2E84700DE43EC /* ViewModelSearchScene */ = {
			isa = PBXGroup;
			children = (
				60B6430325B2E86000DE43EC /* SearchSceneViewModel.swift */,
			);
			path = ViewModelSearchScene;
			sourceTree = "<group>";
		};
		60B6431A25B31C8200DE43EC /* Networking */ = {
			isa = PBXGroup;
			children = (
				6042E67E25C4233900DDB7B9 /* NetworkService.swift */,
			);
			path = Networking;
			sourceTree = "<group>";
		};
		60B6432025B31F0300DE43EC /* ModelSearchScene */ = {
			isa = PBXGroup;
			children = (
				60B6432125B31F3600DE43EC /* SearchRepositoryImpl.swift */,
			);
			path = ModelSearchScene;
			sourceTree = "<group>";
		};
		60BE223725C496390023C97E /* WeatherModels */ = {
			isa = PBXGroup;
			children = (
				6047F26525B47A1600C2D5F6 /* Coordinations_CityWeatherResponse.swift */,
				6047F26825B47A4E00C2D5F6 /* Weather_CityWeatherResponse.swift */,
				6047F26B25B47A8300C2D5F6 /* Main_CityWeatherResponse.swift */,
				6047F26E25B47AD400C2D5F6 /* Wind_CityWeatherResponse.swift */,
				6047F26225B4794F00C2D5F6 /* WeatherResponse.swift */,
			);
			path = WeatherModels;
			sourceTree = "<group>";
		};
		60BE223825C496460023C97E /* GeoNamesModels */ = {
			isa = PBXGroup;
			children = (
				60B6432425B32DE100DE43EC /* GeoNameResponse.swift */,
				60B6432725B32E1400DE43EC /* GeoNameItem.swift */,
			);
			path = GeoNamesModels;
			sourceTree = "<group>";
		};
		60D87ECB25AF60360033CB7A = {
			isa = PBXGroup;
			children = (
				60D87ED625AF60360033CB7A /* TASK-WeatherApp */,
				60D87ED525AF60360033CB7A /* Products */,
				CB84BF6A4E27F46E822EE478 /* Pods */,
				D46E968F7BE09A0C1D6A4556 /* Frameworks */,
			);
			sourceTree = "<group>";
		};
		60D87ED525AF60360033CB7A /* Products */ = {
			isa = PBXGroup;
			children = (
				60D87ED425AF60360033CB7A /* TASK-WeatherApp.app */,
			);
			name = Products;
			sourceTree = "<group>";
		};
		60D87ED625AF60360033CB7A /* TASK-WeatherApp */ = {
			isa = PBXGroup;
			children = (
				60D87EF725AF62610033CB7A /* SettingsScene */,
				60D87EF625AF62510033CB7A /* SearchScene */,
				60D87EF525AF62490033CB7A /* HomeScene */,
				60D87EF425AF623F0033CB7A /* Common */,
				60D87EF325AF616F0033CB7A /* Support */,
			);
			path = "TASK-WeatherApp";
			sourceTree = "<group>";
		};
		60D87EF325AF616F0033CB7A /* Support */ = {
			isa = PBXGroup;
			children = (
				60796F6925B1E4E900988BC1 /* AppCoordinator.swift */,
				60D87ED725AF60360033CB7A /* AppDelegate.swift */,
				60D87EE325AF60370033CB7A /* Assets.xcassets */,
				60D87EE825AF60370033CB7A /* Info.plist */,
			);
			path = Support;
			sourceTree = "<group>";
		};
		60D87EF425AF623F0033CB7A /* Common */ = {
			isa = PBXGroup;
			children = (
				6047F28525B5C37B00C2D5F6 /* UserDefaults */,
				6047F23825B4464B00C2D5F6 /* CoreData */,
				60B6431A25B31C8200DE43EC /* Networking */,
				6060B44325B0339200860602 /* CustomViewsCommon */,
				60D87F1C25AF65C80033CB7A /* ModelsCommon */,
				60D87F1125AF653A0033CB7A /* ProtocolsCommon */,
				60D87F0825AF63CF0033CB7A /* Spinner */,
				60D87EF825AF62850033CB7A /* Extensions */,
				60B6431625B3128D00DE43EC /* Constants.swift */,
			);
			path = Common;
			sourceTree = "<group>";
		};
		60D87EF525AF62490033CB7A /* HomeScene */ = {
			isa = PBXGroup;
			children = (
				6047F23F25B447B400C2D5F6 /* ModelHomeScene */,
				60B642F825B2DD9E00DE43EC /* CoordinatorHomeScene */,
				60B642F725B2DD8800DE43EC /* ViewModelHomeScrene */,
				60D87F2625AF69090033CB7A /* ViewHomeScene */,
			);
			path = HomeScene;
			sourceTree = "<group>";
		};
		60D87EF625AF62510033CB7A /* SearchScene */ = {
			isa = PBXGroup;
			children = (
				60B6432025B31F0300DE43EC /* ModelSearchScene */,
				60B6430225B2E84700DE43EC /* ViewModelSearchScene */,
				60B642FE25B2E7C800DE43EC /* CoordinatorSearchScene */,
				60796F5625B188DD00988BC1 /* ViewSearchScene */,
			);
			path = SearchScene;
			sourceTree = "<group>";
		};
		60D87EF725AF62610033CB7A /* SettingsScene */ = {
			isa = PBXGroup;
			children = (
				6047F27E25B5B0EE00C2D5F6 /* CoordinatorSettingsScene */,
				60B642ED25B2D95300DE43EC /* ViewModelSettingsScene */,
				6060B46B25B05A2700860602 /* ModelSettingsScene */,
				6060B46925B05A0700860602 /* ViewSettingsScene */,
			);
			path = SettingsScene;
			sourceTree = "<group>";
		};
		60D87EF825AF62850033CB7A /* Extensions */ = {
			isa = PBXGroup;
			children = (
				60D87EF925AF62990033CB7A /* UIView+Extensions.swift */,
				60D87EFC25AF62C10033CB7A /* UITableView+Extensions.swift */,
				60D87EFF25AF62EF0033CB7A /* UITableViewCell+Extensions.swift */,
				60D87F0225AF63400033CB7A /* UIViewController+Extensions.swift */,
				60D87F0525AF638B0033CB7A /* UIImageView+Extensions.swift */,
				60D87F3B25AF757C0033CB7A /* UICollectionViewCell+Extensions.swift */,
				6060B47825B05CA900860602 /* UICollectionView+Extensions.swift */,
				6047ECCB25B5E30A00DDC559 /* UIStackView+Extensions.swift */,
			);
			path = Extensions;
			sourceTree = "<group>";
		};
		60D87F0825AF63CF0033CB7A /* Spinner */ = {
			isa = PBXGroup;
			children = (
				60D87F0925AF63DF0033CB7A /* SpinnerView.swift */,
				60D87F0D25AF63F60033CB7A /* SpinnerViewManager.swift */,
			);
			path = Spinner;
			sourceTree = "<group>";
		};
		60D87F1125AF653A0033CB7A /* ProtocolsCommon */ = {
			isa = PBXGroup;
			children = (
				60D87F1225AF654E0033CB7A /* ReusableView.swift */,
				60D87F1625AF656B0033CB7A /* Coordinator.swift */,
				6060B48825B0A24000860602 /* ConditionsRadioButtonDelegate.swift */,
				60BE223025C493410023C97E /* Repository.swift */,
			);
			path = ProtocolsCommon;
			sourceTree = "<group>";
		};
		60D87F1C25AF65C80033CB7A /* ModelsCommon */ = {
			isa = PBXGroup;
			children = (
				6047F24025B447CC00C2D5F6 /* WeatherInfo.swift */,
				60BE223825C496460023C97E /* GeoNamesModels */,
				60BE223725C496390023C97E /* WeatherModels */,
				60D87F1D25AF65E00033CB7A /* NetworkError.swift */,
				60B6431025B3037100DE43EC /* MeasurementUnits.swift */,
				6047F23C25B4477800C2D5F6 /* SavedCitiesOptions.swift */,
				6047F25E25B477F400C2D5F6 /* WeatherRepositoryImpl.swift */,
				60BE221D25C47E630023C97E /* SceneOption.swift */,
				60BE223325C4938A0023C97E /* RepositoryError.swift */,
			);
			path = ModelsCommon;
			sourceTree = "<group>";
		};
		60D87F2625AF69090033CB7A /* ViewHomeScene */ = {
			isa = PBXGroup;
			children = (
				60D87F2725AF69420033CB7A /* HomeSceneViewController.swift */,
			);
			path = ViewHomeScene;
			sourceTree = "<group>";
		};
		CB84BF6A4E27F46E822EE478 /* Pods */ = {
			isa = PBXGroup;
			children = (
				1645C7E1D4D936249B847CFF /* Pods-TASK-WeatherApp.debug.xcconfig */,
				04D5A738B9554AE2294F8536 /* Pods-TASK-WeatherApp.release.xcconfig */,
			);
			path = Pods;
			sourceTree = "<group>";
		};
		D46E968F7BE09A0C1D6A4556 /* Frameworks */ = {
			isa = PBXGroup;
			children = (
				FD325B9A619230A1ED6C345D /* Pods_TASK_WeatherApp.framework */,
			);
			name = Frameworks;
			sourceTree = "<group>";
		};
/* End PBXGroup section */

/* Begin PBXNativeTarget section */
		60D87ED325AF60360033CB7A /* TASK-WeatherApp */ = {
			isa = PBXNativeTarget;
			buildConfigurationList = 60D87EEB25AF60370033CB7A /* Build configuration list for PBXNativeTarget "TASK-WeatherApp" */;
			buildPhases = (
				CFFD761C3360A13B9DE69A2B /* [CP] Check Pods Manifest.lock */,
				60D87ED025AF60360033CB7A /* Sources */,
				60D87ED125AF60360033CB7A /* Frameworks */,
				60D87ED225AF60360033CB7A /* Resources */,
				0D59FCA8D80711E80ADCBAE5 /* [CP] Embed Pods Frameworks */,
			);
			buildRules = (
			);
			dependencies = (
			);
			name = "TASK-WeatherApp";
			productName = "TASK-WeatherApp";
			productReference = 60D87ED425AF60360033CB7A /* TASK-WeatherApp.app */;
			productType = "com.apple.product-type.application";
		};
/* End PBXNativeTarget section */

/* Begin PBXProject section */
		60D87ECC25AF60360033CB7A /* Project object */ = {
			isa = PBXProject;
			attributes = {
				LastSwiftUpdateCheck = 1230;
				LastUpgradeCheck = 1230;
				TargetAttributes = {
					60D87ED325AF60360033CB7A = {
						CreatedOnToolsVersion = 12.3;
					};
				};
			};
			buildConfigurationList = 60D87ECF25AF60360033CB7A /* Build configuration list for PBXProject "TASK-WeatherApp" */;
			compatibilityVersion = "Xcode 9.3";
			developmentRegion = en;
			hasScannedForEncodings = 0;
			knownRegions = (
				en,
				Base,
			);
			mainGroup = 60D87ECB25AF60360033CB7A;
			productRefGroup = 60D87ED525AF60360033CB7A /* Products */;
			projectDirPath = "";
			projectRoot = "";
			targets = (
				60D87ED325AF60360033CB7A /* TASK-WeatherApp */,
			);
		};
/* End PBXProject section */

/* Begin PBXResourcesBuildPhase section */
		60D87ED225AF60360033CB7A /* Resources */ = {
			isa = PBXResourcesBuildPhase;
			buildActionMask = 2147483647;
			files = (
				60D87EE425AF60370033CB7A /* Assets.xcassets in Resources */,
			);
			runOnlyForDeploymentPostprocessing = 0;
		};
/* End PBXResourcesBuildPhase section */

/* Begin PBXShellScriptBuildPhase section */
		0D59FCA8D80711E80ADCBAE5 /* [CP] Embed Pods Frameworks */ = {
			isa = PBXShellScriptBuildPhase;
			buildActionMask = 2147483647;
			files = (
			);
			inputFileListPaths = (
				"${PODS_ROOT}/Target Support Files/Pods-TASK-WeatherApp/Pods-TASK-WeatherApp-frameworks-${CONFIGURATION}-input-files.xcfilelist",
			);
			name = "[CP] Embed Pods Frameworks";
			outputFileListPaths = (
				"${PODS_ROOT}/Target Support Files/Pods-TASK-WeatherApp/Pods-TASK-WeatherApp-frameworks-${CONFIGURATION}-output-files.xcfilelist",
			);
			runOnlyForDeploymentPostprocessing = 0;
			shellPath = /bin/sh;
			shellScript = "\"${PODS_ROOT}/Target Support Files/Pods-TASK-WeatherApp/Pods-TASK-WeatherApp-frameworks.sh\"\n";
			showEnvVarsInLog = 0;
		};
		CFFD761C3360A13B9DE69A2B /* [CP] Check Pods Manifest.lock */ = {
			isa = PBXShellScriptBuildPhase;
			buildActionMask = 2147483647;
			files = (
			);
			inputFileListPaths = (
			);
			inputPaths = (
				"${PODS_PODFILE_DIR_PATH}/Podfile.lock",
				"${PODS_ROOT}/Manifest.lock",
			);
			name = "[CP] Check Pods Manifest.lock";
			outputFileListPaths = (
			);
			outputPaths = (
				"$(DERIVED_FILE_DIR)/Pods-TASK-WeatherApp-checkManifestLockResult.txt",
			);
			runOnlyForDeploymentPostprocessing = 0;
			shellPath = /bin/sh;
			shellScript = "diff \"${PODS_PODFILE_DIR_PATH}/Podfile.lock\" \"${PODS_ROOT}/Manifest.lock\" > /dev/null\nif [ $? != 0 ] ; then\n    # print error to STDERR\n    echo \"error: The sandbox is not in sync with the Podfile.lock. Run 'pod install' or update your CocoaPods installation.\" >&2\n    exit 1\nfi\n# This output is used by Xcode 'outputs' to avoid re-running this script phase.\necho \"SUCCESS\" > \"${SCRIPT_OUTPUT_FILE_0}\"\n";
			showEnvVarsInLog = 0;
		};
/* End PBXShellScriptBuildPhase section */

/* Begin PBXSourcesBuildPhase section */
		60D87ED025AF60360033CB7A /* Sources */ = {
			isa = PBXSourcesBuildPhase;
			buildActionMask = 2147483647;
			files = (
				60BE223425C4938A0023C97E /* RepositoryError.swift in Sources */,
				6047F26325B4794F00C2D5F6 /* WeatherResponse.swift in Sources */,
				60796F6A25B1E4E900988BC1 /* AppCoordinator.swift in Sources */,
				6047ECC725B5D8BE00DDC559 /* ConditionsView.swift in Sources */,
				6060B47925B05CA900860602 /* UICollectionView+Extensions.swift in Sources */,
				6047F26925B47A4E00C2D5F6 /* Weather_CityWeatherResponse.swift in Sources */,
				6047F24125B447CC00C2D5F6 /* WeatherInfo.swift in Sources */,
				60D87F3C25AF757C0033CB7A /* UICollectionViewCell+Extensions.swift in Sources */,
				6060B48925B0A24000860602 /* ConditionsRadioButtonDelegate.swift in Sources */,
				6060B46D25B05ABA00860602 /* ConditionsRadioButton.swift in Sources */,
				6060B47325B05BB200860602 /* ConditionsCheckBox.swift in Sources */,
				60D87EFA25AF62990033CB7A /* UIView+Extensions.swift in Sources */,
				60BE223125C493410023C97E /* Repository.swift in Sources */,
				60BE221E25C47E630023C97E /* SceneOption.swift in Sources */,
				6047F26625B47A1600C2D5F6 /* Coordinations_CityWeatherResponse.swift in Sources */,
				60D87F1325AF654E0033CB7A /* ReusableView.swift in Sources */,
				6060B45025B037BC00860602 /* UnitsCheckBoxTableViewCell.swift in Sources */,
				60B6431725B3128D00DE43EC /* Constants.swift in Sources */,
				60B6430025B2E7DA00DE43EC /* SearchSceneCoordinator.swift in Sources */,
				6047F26C25B47A8300C2D5F6 /* Main_CityWeatherResponse.swift in Sources */,
				60796F5E25B18E2500988BC1 /* SearchResultTableViewCell.swift in Sources */,
				60D87F0625AF638B0033CB7A /* UIImageView+Extensions.swift in Sources */,
				6060B43C25B02C7000860602 /* SettingsSceneViewController.swift in Sources */,
				6047ECCC25B5E30A00DDC559 /* UIStackView+Extensions.swift in Sources */,
				60D87F2825AF69420033CB7A /* HomeSceneViewController.swift in Sources */,
				6060B44525B033B700860602 /* UnitsCheckBox.swift in Sources */,
				6047F23D25B4477800C2D5F6 /* SavedCitiesOptions.swift in Sources */,
				60D87ED825AF60360033CB7A /* AppDelegate.swift in Sources */,
				6042E67F25C4233900DDB7B9 /* NetworkService.swift in Sources */,
				6060B45725B043ED00860602 /* UnitsRadioButton.swift in Sources */,
				60D87EE225AF60360033CB7A /* TASK_WeatherApp.xcdatamodeld in Sources */,
				6047F27225B47ED900C2D5F6 /* UserDefaultsService.swift in Sources */,
				6047F29225B5CE8300C2D5F6 /* ConditionTypes.swift in Sources */,
				60D87F0E25AF63F60033CB7A /* SpinnerViewManager.swift in Sources */,
				60B6432825B32E1400DE43EC /* GeoNameItem.swift in Sources */,
				6047F28025B5B11200C2D5F6 /* SettingsSceneCoordinator.swift in Sources */,
				6047F23A25B4465D00C2D5F6 /* CoreDataService.swift in Sources */,
				60D87F1725AF656B0033CB7A /* Coordinator.swift in Sources */,
				60B6432525B32DE100DE43EC /* GeoNameResponse.swift in Sources */,
				60B6431125B3037100DE43EC /* MeasurementUnits.swift in Sources */,
				60B6432225B31F3600DE43EC /* SearchRepositoryImpl.swift in Sources */,
				6047F25125B4500A00C2D5F6 /* CityWeather+CoreDataClass.swift in Sources */,
				6047F25F25B477F400C2D5F6 /* WeatherRepositoryImpl.swift in Sources */,
				60D87F0025AF62EF0033CB7A /* UITableViewCell+Extensions.swift in Sources */,
				6047F26F25B47AD400C2D5F6 /* Wind_CityWeatherResponse.swift in Sources */,
				60D87F0325AF63400033CB7A /* UIViewController+Extensions.swift in Sources */,
				60796F5925B1890E00988BC1 /* SearchSceneViewController.swift in Sources */,
				60B642EF25B2D97700DE43EC /* SettingsSceneViewModel.swift in Sources */,
				60D87F1E25AF65E00033CB7A /* NetworkError.swift in Sources */,
				6060B44025B02E0800860602 /* SavedLocationsCollectionViewCell.swift in Sources */,
				60B642F425B2DD5C00DE43EC /* HomeSceneViewModel.swift in Sources */,
				6060B48525B09BD900860602 /* CheckBox.swift in Sources */,
				60B642FA25B2DDC100DE43EC /* HomeSceneCoordinator.swift in Sources */,
				60D87F0A25AF63DF0033CB7A /* SpinnerView.swift in Sources */,
				60B6430425B2E86000DE43EC /* SearchSceneViewModel.swift in Sources */,
				6060B47025B05B2B00860602 /* ConditionsRadioButtonType.swift in Sources */,
				60D87EFD25AF62C10033CB7A /* UITableView+Extensions.swift in Sources */,
			);
			runOnlyForDeploymentPostprocessing = 0;
		};
/* End PBXSourcesBuildPhase section */

/* Begin XCBuildConfiguration section */
		60D87EE925AF60370033CB7A /* Debug */ = {
			isa = XCBuildConfiguration;
			buildSettings = {
				ALWAYS_SEARCH_USER_PATHS = NO;
				CLANG_ANALYZER_NONNULL = YES;
				CLANG_ANALYZER_NUMBER_OBJECT_CONVERSION = YES_AGGRESSIVE;
				CLANG_CXX_LANGUAGE_STANDARD = "gnu++14";
				CLANG_CXX_LIBRARY = "libc++";
				CLANG_ENABLE_MODULES = YES;
				CLANG_ENABLE_OBJC_ARC = YES;
				CLANG_ENABLE_OBJC_WEAK = YES;
				CLANG_WARN_BLOCK_CAPTURE_AUTORELEASING = YES;
				CLANG_WARN_BOOL_CONVERSION = YES;
				CLANG_WARN_COMMA = YES;
				CLANG_WARN_CONSTANT_CONVERSION = YES;
				CLANG_WARN_DEPRECATED_OBJC_IMPLEMENTATIONS = YES;
				CLANG_WARN_DIRECT_OBJC_ISA_USAGE = YES_ERROR;
				CLANG_WARN_DOCUMENTATION_COMMENTS = YES;
				CLANG_WARN_EMPTY_BODY = YES;
				CLANG_WARN_ENUM_CONVERSION = YES;
				CLANG_WARN_INFINITE_RECURSION = YES;
				CLANG_WARN_INT_CONVERSION = YES;
				CLANG_WARN_NON_LITERAL_NULL_CONVERSION = YES;
				CLANG_WARN_OBJC_IMPLICIT_RETAIN_SELF = YES;
				CLANG_WARN_OBJC_LITERAL_CONVERSION = YES;
				CLANG_WARN_OBJC_ROOT_CLASS = YES_ERROR;
				CLANG_WARN_QUOTED_INCLUDE_IN_FRAMEWORK_HEADER = YES;
				CLANG_WARN_RANGE_LOOP_ANALYSIS = YES;
				CLANG_WARN_STRICT_PROTOTYPES = YES;
				CLANG_WARN_SUSPICIOUS_MOVE = YES;
				CLANG_WARN_UNGUARDED_AVAILABILITY = YES_AGGRESSIVE;
				CLANG_WARN_UNREACHABLE_CODE = YES;
				CLANG_WARN__DUPLICATE_METHOD_MATCH = YES;
				COPY_PHASE_STRIP = NO;
				DEBUG_INFORMATION_FORMAT = dwarf;
				ENABLE_STRICT_OBJC_MSGSEND = YES;
				ENABLE_TESTABILITY = YES;
				GCC_C_LANGUAGE_STANDARD = gnu11;
				GCC_DYNAMIC_NO_PIC = NO;
				GCC_NO_COMMON_BLOCKS = YES;
				GCC_OPTIMIZATION_LEVEL = 0;
				GCC_PREPROCESSOR_DEFINITIONS = (
					"DEBUG=1",
					"$(inherited)",
				);
				GCC_WARN_64_TO_32_BIT_CONVERSION = YES;
				GCC_WARN_ABOUT_RETURN_TYPE = YES_ERROR;
				GCC_WARN_UNDECLARED_SELECTOR = YES;
				GCC_WARN_UNINITIALIZED_AUTOS = YES_AGGRESSIVE;
				GCC_WARN_UNUSED_FUNCTION = YES;
				GCC_WARN_UNUSED_VARIABLE = YES;
				INFOPLIST_FILE = "TASK-WeatherApp/Support/Info.plist";
				IPHONEOS_DEPLOYMENT_TARGET = 14.3;
				MTL_ENABLE_DEBUG_INFO = INCLUDE_SOURCE;
				MTL_FAST_MATH = YES;
				ONLY_ACTIVE_ARCH = YES;
				SDKROOT = iphoneos;
				SWIFT_ACTIVE_COMPILATION_CONDITIONS = DEBUG;
				SWIFT_OPTIMIZATION_LEVEL = "-Onone";
			};
			name = Debug;
		};
		60D87EEA25AF60370033CB7A /* Release */ = {
			isa = XCBuildConfiguration;
			buildSettings = {
				ALWAYS_SEARCH_USER_PATHS = NO;
				CLANG_ANALYZER_NONNULL = YES;
				CLANG_ANALYZER_NUMBER_OBJECT_CONVERSION = YES_AGGRESSIVE;
				CLANG_CXX_LANGUAGE_STANDARD = "gnu++14";
				CLANG_CXX_LIBRARY = "libc++";
				CLANG_ENABLE_MODULES = YES;
				CLANG_ENABLE_OBJC_ARC = YES;
				CLANG_ENABLE_OBJC_WEAK = YES;
				CLANG_WARN_BLOCK_CAPTURE_AUTORELEASING = YES;
				CLANG_WARN_BOOL_CONVERSION = YES;
				CLANG_WARN_COMMA = YES;
				CLANG_WARN_CONSTANT_CONVERSION = YES;
				CLANG_WARN_DEPRECATED_OBJC_IMPLEMENTATIONS = YES;
				CLANG_WARN_DIRECT_OBJC_ISA_USAGE = YES_ERROR;
				CLANG_WARN_DOCUMENTATION_COMMENTS = YES;
				CLANG_WARN_EMPTY_BODY = YES;
				CLANG_WARN_ENUM_CONVERSION = YES;
				CLANG_WARN_INFINITE_RECURSION = YES;
				CLANG_WARN_INT_CONVERSION = YES;
				CLANG_WARN_NON_LITERAL_NULL_CONVERSION = YES;
				CLANG_WARN_OBJC_IMPLICIT_RETAIN_SELF = YES;
				CLANG_WARN_OBJC_LITERAL_CONVERSION = YES;
				CLANG_WARN_OBJC_ROOT_CLASS = YES_ERROR;
				CLANG_WARN_QUOTED_INCLUDE_IN_FRAMEWORK_HEADER = YES;
				CLANG_WARN_RANGE_LOOP_ANALYSIS = YES;
				CLANG_WARN_STRICT_PROTOTYPES = YES;
				CLANG_WARN_SUSPICIOUS_MOVE = YES;
				CLANG_WARN_UNGUARDED_AVAILABILITY = YES_AGGRESSIVE;
				CLANG_WARN_UNREACHABLE_CODE = YES;
				CLANG_WARN__DUPLICATE_METHOD_MATCH = YES;
				COPY_PHASE_STRIP = NO;
				DEBUG_INFORMATION_FORMAT = "dwarf-with-dsym";
				ENABLE_NS_ASSERTIONS = NO;
				ENABLE_STRICT_OBJC_MSGSEND = YES;
				GCC_C_LANGUAGE_STANDARD = gnu11;
				GCC_NO_COMMON_BLOCKS = YES;
				GCC_WARN_64_TO_32_BIT_CONVERSION = YES;
				GCC_WARN_ABOUT_RETURN_TYPE = YES_ERROR;
				GCC_WARN_UNDECLARED_SELECTOR = YES;
				GCC_WARN_UNINITIALIZED_AUTOS = YES_AGGRESSIVE;
				GCC_WARN_UNUSED_FUNCTION = YES;
				GCC_WARN_UNUSED_VARIABLE = YES;
				INFOPLIST_FILE = "TASK-WeatherApp/Support/Info.plist";
				IPHONEOS_DEPLOYMENT_TARGET = 14.3;
				MTL_ENABLE_DEBUG_INFO = NO;
				MTL_FAST_MATH = YES;
				SDKROOT = iphoneos;
				SWIFT_COMPILATION_MODE = wholemodule;
				SWIFT_OPTIMIZATION_LEVEL = "-O";
				VALIDATE_PRODUCT = YES;
			};
			name = Release;
		};
		60D87EEC25AF60370033CB7A /* Debug */ = {
			isa = XCBuildConfiguration;
			baseConfigurationReference = 1645C7E1D4D936249B847CFF /* Pods-TASK-WeatherApp.debug.xcconfig */;
			buildSettings = {
				ASSETCATALOG_COMPILER_APPICON_NAME = AppIcon;
				ASSETCATALOG_COMPILER_GLOBAL_ACCENT_COLOR_NAME = AccentColor;
				CODE_SIGN_STYLE = Automatic;
				INFOPLIST_FILE = "TASK-WeatherApp/Support/Info.plist";
				LD_RUNPATH_SEARCH_PATHS = (
					"$(inherited)",
					"@executable_path/Frameworks",
				);
				PRODUCT_BUNDLE_IDENTIFIER = "com.example.TASK-WeatherApp";
				PRODUCT_NAME = "$(TARGET_NAME)";
				SWIFT_VERSION = 5.0;
				TARGETED_DEVICE_FAMILY = "1,2";
			};
			name = Debug;
		};
		60D87EED25AF60370033CB7A /* Release */ = {
			isa = XCBuildConfiguration;
			baseConfigurationReference = 04D5A738B9554AE2294F8536 /* Pods-TASK-WeatherApp.release.xcconfig */;
			buildSettings = {
				ASSETCATALOG_COMPILER_APPICON_NAME = AppIcon;
				ASSETCATALOG_COMPILER_GLOBAL_ACCENT_COLOR_NAME = AccentColor;
				CODE_SIGN_STYLE = Automatic;
				INFOPLIST_FILE = "TASK-WeatherApp/Support/Info.plist";
				LD_RUNPATH_SEARCH_PATHS = (
					"$(inherited)",
					"@executable_path/Frameworks",
				);
				PRODUCT_BUNDLE_IDENTIFIER = "com.example.TASK-WeatherApp";
				PRODUCT_NAME = "$(TARGET_NAME)";
				SWIFT_VERSION = 5.0;
				TARGETED_DEVICE_FAMILY = "1,2";
			};
			name = Release;
		};
/* End XCBuildConfiguration section */

/* Begin XCConfigurationList section */
		60D87ECF25AF60360033CB7A /* Build configuration list for PBXProject "TASK-WeatherApp" */ = {
			isa = XCConfigurationList;
			buildConfigurations = (
				60D87EE925AF60370033CB7A /* Debug */,
				60D87EEA25AF60370033CB7A /* Release */,
			);
			defaultConfigurationIsVisible = 0;
			defaultConfigurationName = Release;
		};
		60D87EEB25AF60370033CB7A /* Build configuration list for PBXNativeTarget "TASK-WeatherApp" */ = {
			isa = XCConfigurationList;
			buildConfigurations = (
				60D87EEC25AF60370033CB7A /* Debug */,
				60D87EED25AF60370033CB7A /* Release */,
			);
			defaultConfigurationIsVisible = 0;
			defaultConfigurationName = Release;
		};
/* End XCConfigurationList section */

/* Begin XCVersionGroup section */
		60D87EE025AF60360033CB7A /* TASK_WeatherApp.xcdatamodeld */ = {
			isa = XCVersionGroup;
			children = (
				60D87EE125AF60360033CB7A /* TASK_WeatherApp.xcdatamodel */,
			);
			currentVersion = 60D87EE125AF60360033CB7A /* TASK_WeatherApp.xcdatamodel */;
			path = TASK_WeatherApp.xcdatamodeld;
			sourceTree = "<group>";
			versionGroupType = wrapper.xcdatamodel;
		};
/* End XCVersionGroup section */
	};
	rootObject = 60D87ECC25AF60360033CB7A /* Project object */;
}
